# This file is automatically @generated by Cargo.
# It is not intended for manual editing.
version = 3

[[package]]
name = "exquisite-editor"
version = "0.1.0"
dependencies = [
 "exquisite-engine-core",
]

[[package]]
name = "exquisite-engine-core"
version = "0.1.0"

[[package]]
name = "exquisite-shand-box"
version = "0.1.0"
dependencies = [
 "exquisite-engine-core",
]
